
Microsoft Visual Studio Solution File, Format Version 12.00
# Visual Studio Version 17
VisualStudioVersion = 17.7.34031.279
MinimumVisualStudioVersion = 10.0.40219.1
Project("{9A19103F-16F7-4668-BE54-9A1E7A4F7556}") = "SS.Backend.SharedNamespace", "SS.Backend.SharedNamespace\SS.Backend.SharedNamespace.csproj", "{AE4EC0B6-813A-46D2-9EB6-2153FE03E6D6}"
EndProject
Project("{9A19103F-16F7-4668-BE54-9A1E7A4F7556}") = "SS.Backend.DataAccess", "SS.Backend.DataAccess\SS.Backend.DataAccess.csproj", "{13331E6E-A835-41E9-831F-4ADA5BB5CE0D}"
EndProject
Project("{9A19103F-16F7-4668-BE54-9A1E7A4F7556}") = "SS.Backend.Services", "SS.Backend.Services\SS.Backend.Services.csproj", "{A22E5CBB-793E-4D6C-B442-A87565282464}"
EndProject
Project("{9A19103F-16F7-4668-BE54-9A1E7A4F7556}") = "SS.Backend.Tests.DataAccess", "SS.Backend.Tests.DataAccess\SS.Backend.Tests.DataAccess.csproj", "{8484A174-D9E4-4F9B-B27F-3CF292EAB5F8}"
EndProject
Project("{9A19103F-16F7-4668-BE54-9A1E7A4F7556}") = "SS.Backend.Tests.Logging", "SS.Backend.Tests.Logging\SS.Backend.Tests.Logging.csproj", "{C9364A4E-A22A-46CD-AA2B-2FB26BED0BE0}"
EndProject
Project("{9A19103F-16F7-4668-BE54-9A1E7A4F7556}") = "SS.Backend.ConsoleApp", "SS.Backend.ConsoleApp\SS.Backend.ConsoleApp.csproj", "{6035FCC0-2071-4DE7-A6D1-740A422DA888}"
EndProject
Project("{9A19103F-16F7-4668-BE54-9A1E7A4F7556}") = "SS.Backend.Security.AuthN", "SS.Backend.Security.AuthN\SS.Backend.Security.AuthN.csproj", "{E2CF3B5A-B2E3-4406-8E4B-B51415D537C5}"
EndProject
Project("{9A19103F-16F7-4668-BE54-9A1E7A4F7556}") = "SS.ConsoleApp", "SS.ConsoleApp\SS.ConsoleApp.csproj", "{335749DB-8F7C-442C-9E9D-5DD9CEF55941}"
EndProject
Project("{9A19103F-16F7-4668-BE54-9A1E7A4F7556}") = "SS.Backend.Security", "SS.Backend.Security\SS.Backend.Security.csproj", "{F891DB52-2C09-4BAC-8FCE-4270E7C5C91C}"
EndProject
Project("{9A19103F-16F7-4668-BE54-9A1E7A4F7556}") = "SS.Backend.Tests.Security.Authentication", "SS.Backend.Tests.Security.Authentication\SS.Backend.Tests.Security.Authentication.csproj", "{A9787BC0-CC77-49A3-9D0C-DE39F9414FF2}"
EndProject
Project("{9A19103F-16F7-4668-BE54-9A1E7A4F7556}") = "SS.Backend.Tests.Security.Authorization", "SS.Backend.Tests.Security.Authorization\SS.Backend.Tests.Security.Authorization.csproj", "{49EC2883-1296-45D7-8246-18EA51FFDC5E}"
EndProject
Project("{9A19103F-16F7-4668-BE54-9A1E7A4F7556}") = "HTMLTesting", "HTMLTesting\HTMLTesting.csproj", "{3A8DEEB3-4D8F-496F-A915-6D5099B4F83F}"
EndProject
Project("{9A19103F-16F7-4668-BE54-9A1E7A4F7556}") = "AuthAPI", "AuthAPI\AuthAPI.csproj", "{95F39712-4EB6-4078-B5A3-B2BEAD8015CF}"
EndProject
Project("{2150E333-8FDC-42A3-9474-1A3956D46DE8}") = "Frontend", "Frontend", "{09D6A184-5578-4EDE-9DF1-F67AD81698AE}"
	ProjectSection(SolutionItems) = preProject
		AuthAPI\config.local.txt = AuthAPI\config.local.txt
		index.html = index.html
		..\..\..\Downloads\sslogo.png = ..\..\..\Downloads\sslogo.png
		AuthAPI\wwwroot\images\ssname.png = AuthAPI\wwwroot\images\ssname.png
		style.css = style.css
	EndProjectSection
EndProject
Project("{2150E333-8FDC-42A3-9474-1A3956D46DE8}") = "Configs", "Configs", "{E6EF57E1-5087-4068-B765-721F601A36DF}"
	ProjectSection(SolutionItems) = preProject
		config.local.txt = config.local.txt
	EndProjectSection
EndProject
Global
	GlobalSection(SolutionConfigurationPlatforms) = preSolution
		Debug|Any CPU = Debug|Any CPU
		Release|Any CPU = Release|Any CPU
	EndGlobalSection
	GlobalSection(ProjectConfigurationPlatforms) = postSolution
		{AE4EC0B6-813A-46D2-9EB6-2153FE03E6D6}.Debug|Any CPU.ActiveCfg = Debug|Any CPU
		{AE4EC0B6-813A-46D2-9EB6-2153FE03E6D6}.Debug|Any CPU.Build.0 = Debug|Any CPU
		{AE4EC0B6-813A-46D2-9EB6-2153FE03E6D6}.Release|Any CPU.ActiveCfg = Release|Any CPU
		{AE4EC0B6-813A-46D2-9EB6-2153FE03E6D6}.Release|Any CPU.Build.0 = Release|Any CPU
		{13331E6E-A835-41E9-831F-4ADA5BB5CE0D}.Debug|Any CPU.ActiveCfg = Debug|Any CPU
		{13331E6E-A835-41E9-831F-4ADA5BB5CE0D}.Debug|Any CPU.Build.0 = Debug|Any CPU
		{13331E6E-A835-41E9-831F-4ADA5BB5CE0D}.Release|Any CPU.ActiveCfg = Release|Any CPU
		{13331E6E-A835-41E9-831F-4ADA5BB5CE0D}.Release|Any CPU.Build.0 = Release|Any CPU
		{A22E5CBB-793E-4D6C-B442-A87565282464}.Debug|Any CPU.ActiveCfg = Debug|Any CPU
		{A22E5CBB-793E-4D6C-B442-A87565282464}.Debug|Any CPU.Build.0 = Debug|Any CPU
		{A22E5CBB-793E-4D6C-B442-A87565282464}.Release|Any CPU.ActiveCfg = Release|Any CPU
		{A22E5CBB-793E-4D6C-B442-A87565282464}.Release|Any CPU.Build.0 = Release|Any CPU
		{8484A174-D9E4-4F9B-B27F-3CF292EAB5F8}.Debug|Any CPU.ActiveCfg = Debug|Any CPU
		{8484A174-D9E4-4F9B-B27F-3CF292EAB5F8}.Debug|Any CPU.Build.0 = Debug|Any CPU
		{8484A174-D9E4-4F9B-B27F-3CF292EAB5F8}.Release|Any CPU.ActiveCfg = Release|Any CPU
		{8484A174-D9E4-4F9B-B27F-3CF292EAB5F8}.Release|Any CPU.Build.0 = Release|Any CPU
		{C9364A4E-A22A-46CD-AA2B-2FB26BED0BE0}.Debug|Any CPU.ActiveCfg = Debug|Any CPU
		{C9364A4E-A22A-46CD-AA2B-2FB26BED0BE0}.Debug|Any CPU.Build.0 = Debug|Any CPU
		{C9364A4E-A22A-46CD-AA2B-2FB26BED0BE0}.Release|Any CPU.ActiveCfg = Release|Any CPU
		{C9364A4E-A22A-46CD-AA2B-2FB26BED0BE0}.Release|Any CPU.Build.0 = Release|Any CPU
		{6035FCC0-2071-4DE7-A6D1-740A422DA888}.Debug|Any CPU.ActiveCfg = Debug|Any CPU
		{6035FCC0-2071-4DE7-A6D1-740A422DA888}.Debug|Any CPU.Build.0 = Debug|Any CPU
		{6035FCC0-2071-4DE7-A6D1-740A422DA888}.Release|Any CPU.ActiveCfg = Release|Any CPU
		{6035FCC0-2071-4DE7-A6D1-740A422DA888}.Release|Any CPU.Build.0 = Release|Any CPU
		{E2CF3B5A-B2E3-4406-8E4B-B51415D537C5}.Debug|Any CPU.ActiveCfg = Debug|Any CPU
		{E2CF3B5A-B2E3-4406-8E4B-B51415D537C5}.Debug|Any CPU.Build.0 = Debug|Any CPU
		{E2CF3B5A-B2E3-4406-8E4B-B51415D537C5}.Release|Any CPU.ActiveCfg = Release|Any CPU
		{E2CF3B5A-B2E3-4406-8E4B-B51415D537C5}.Release|Any CPU.Build.0 = Release|Any CPU
		{335749DB-8F7C-442C-9E9D-5DD9CEF55941}.Debug|Any CPU.ActiveCfg = Debug|Any CPU
		{335749DB-8F7C-442C-9E9D-5DD9CEF55941}.Debug|Any CPU.Build.0 = Debug|Any CPU
		{335749DB-8F7C-442C-9E9D-5DD9CEF55941}.Release|Any CPU.ActiveCfg = Release|Any CPU
		{335749DB-8F7C-442C-9E9D-5DD9CEF55941}.Release|Any CPU.Build.0 = Release|Any CPU
		{F891DB52-2C09-4BAC-8FCE-4270E7C5C91C}.Debug|Any CPU.ActiveCfg = Debug|Any CPU
		{F891DB52-2C09-4BAC-8FCE-4270E7C5C91C}.Debug|Any CPU.Build.0 = Debug|Any CPU
		{F891DB52-2C09-4BAC-8FCE-4270E7C5C91C}.Release|Any CPU.ActiveCfg = Release|Any CPU
		{F891DB52-2C09-4BAC-8FCE-4270E7C5C91C}.Release|Any CPU.Build.0 = Release|Any CPU
		{A9787BC0-CC77-49A3-9D0C-DE39F9414FF2}.Debug|Any CPU.ActiveCfg = Debug|Any CPU
		{A9787BC0-CC77-49A3-9D0C-DE39F9414FF2}.Debug|Any CPU.Build.0 = Debug|Any CPU
		{A9787BC0-CC77-49A3-9D0C-DE39F9414FF2}.Release|Any CPU.ActiveCfg = Release|Any CPU
		{A9787BC0-CC77-49A3-9D0C-DE39F9414FF2}.Release|Any CPU.Build.0 = Release|Any CPU
		{49EC2883-1296-45D7-8246-18EA51FFDC5E}.Debug|Any CPU.ActiveCfg = Debug|Any CPU
		{49EC2883-1296-45D7-8246-18EA51FFDC5E}.Debug|Any CPU.Build.0 = Debug|Any CPU
		{49EC2883-1296-45D7-8246-18EA51FFDC5E}.Release|Any CPU.ActiveCfg = Release|Any CPU
		{49EC2883-1296-45D7-8246-18EA51FFDC5E}.Release|Any CPU.Build.0 = Release|Any CPU
		{3A8DEEB3-4D8F-496F-A915-6D5099B4F83F}.Debug|Any CPU.ActiveCfg = Debug|Any CPU
		{3A8DEEB3-4D8F-496F-A915-6D5099B4F83F}.Debug|Any CPU.Build.0 = Debug|Any CPU
		{3A8DEEB3-4D8F-496F-A915-6D5099B4F83F}.Release|Any CPU.ActiveCfg = Release|Any CPU
		{3A8DEEB3-4D8F-496F-A915-6D5099B4F83F}.Release|Any CPU.Build.0 = Release|Any CPU
		{95F39712-4EB6-4078-B5A3-B2BEAD8015CF}.Debug|Any CPU.ActiveCfg = Debug|Any CPU
		{95F39712-4EB6-4078-B5A3-B2BEAD8015CF}.Debug|Any CPU.Build.0 = Debug|Any CPU
		{95F39712-4EB6-4078-B5A3-B2BEAD8015CF}.Release|Any CPU.ActiveCfg = Release|Any CPU
		{95F39712-4EB6-4078-B5A3-B2BEAD8015CF}.Release|Any CPU.Build.0 = Release|Any CPU
	EndGlobalSection
	GlobalSection(SolutionProperties) = preSolution
		HideSolutionNode = FALSE
	EndGlobalSection
	GlobalSection(ExtensibilityGlobals) = postSolution
		SolutionGuid = {27FF35A7-BBB6-414D-87FC-32255A9F675F}
	EndGlobalSection
EndGlobal
