
Microsoft Visual Studio Solution File, Format Version 12.00
# Visual Studio Version 17
VisualStudioVersion = 17.7.34031.279
MinimumVisualStudioVersion = 10.0.40219.1
Project("{9A19103F-16F7-4668-BE54-9A1E7A4F7556}") = "SS.Backend.SharedNamespace", "SS.Backend.SharedNamespace\SS.Backend.SharedNamespace.csproj", "{AE4EC0B6-813A-46D2-9EB6-2153FE03E6D6}"
EndProject
Project("{9A19103F-16F7-4668-BE54-9A1E7A4F7556}") = "SS.Backend.DataAccess", "SS.Backend.DataAccess\SS.Backend.DataAccess.csproj", "{13331E6E-A835-41E9-831F-4ADA5BB5CE0D}"
EndProject
Project("{9A19103F-16F7-4668-BE54-9A1E7A4F7556}") = "SS.Backend.Services", "SS.Backend.Services\SS.Backend.Services.csproj", "{A22E5CBB-793E-4D6C-B442-A87565282464}"
EndProject
Project("{9A19103F-16F7-4668-BE54-9A1E7A4F7556}") = "SS.Backend.Tests.DataAccess", "SS.Backend.Tests.DataAccess\SS.Backend.Tests.DataAccess.csproj", "{8484A174-D9E4-4F9B-B27F-3CF292EAB5F8}"
EndProject
Project("{9A19103F-16F7-4668-BE54-9A1E7A4F7556}") = "SS.Backend.Tests.Logging", "SS.Backend.Tests.Logging\SS.Backend.Tests.Logging.csproj", "{C9364A4E-A22A-46CD-AA2B-2FB26BED0BE0}"
EndProject
Project("{9A19103F-16F7-4668-BE54-9A1E7A4F7556}") = "SS.Backend.ConsoleApp", "SS.Backend.ConsoleApp\SS.Backend.ConsoleApp.csproj", "{6035FCC0-2071-4DE7-A6D1-740A422DA888}"
EndProject
Project("{9A19103F-16F7-4668-BE54-9A1E7A4F7556}") = "SS.Backend.Tests.Services", "SS.Backend.Tests.Deletion\SS.Backend.Tests.Services.csproj", "{D0871303-1A98-4A19-B68A-DEF78438301B}"
EndProject
Project("{9A19103F-16F7-4668-BE54-9A1E7A4F7556}") = "SS.Backend.Tests.UserManagement", "SS.Backend.Tests.UserManagement\SS.Backend.Tests.UserManagement.csproj", "{ABD6D6CB-8786-4F24-8569-5B620A5C31B3}"
EndProject
Project("{9A19103F-16F7-4668-BE54-9A1E7A4F7556}") = "SS.Backend.Tests.AccountCreation", "SS.Backend.Tests.AccountCreation\SS.Backend.Tests.AccountCreation.csproj", "{15BF497F-DD35-4D95-9AD4-2A752F273379}"
EndProject
Project("{9A19103F-16F7-4668-BE54-9A1E7A4F7556}") = "SS.Backend.Security", "SS.Backend.Security\SS.Backend.Security.csproj", "{1D919CBC-62A1-4F64-8FB0-B3DE9FC8AC8E}"
EndProject
Project("{2150E333-8FDC-42A3-9474-1A3956D46DE8}") = "SS.FrontEnd", "SS.FrontEnd", "{26858018-4ED5-462E-95B0-5A2DA42A0112}"
	ProjectSection(SolutionItems) = preProject
		..\SS.Frontend\AIfire_transparent.png = ..\SS.Frontend\AIfire_transparent.png
		..\SS.Frontend\astroSurf.png = ..\SS.Frontend\astroSurf.png
		..\SS.Frontend\bs-config.json = ..\SS.Frontend\bs-config.json
		..\SS.Frontend\favicon.ico = ..\SS.Frontend\favicon.ico
		..\SS.Frontend\index.html = ..\SS.Frontend\index.html
		..\SS.Frontend\main.js = ..\SS.Frontend\main.js
		..\SS.Frontend\package-lock.json = ..\SS.Frontend\package-lock.json
		..\SS.Frontend\package.json = ..\SS.Frontend\package.json
		..\SS.Frontend\Registration.css = ..\SS.Frontend\Registration.css
		..\SS.Frontend\Registration.html = ..\SS.Frontend\Registration.html
		..\SS.Frontend\Registration\pages\Registration.js = ..\SS.Frontend\Registration\pages\Registration.js
		..\SS.Frontend\ssName.png = ..\SS.Frontend\ssName.png
		..\SS.Frontend\Login\test.js = ..\SS.Frontend\Login\test.js
		..\SS.Frontend\test.txt = ..\SS.Frontend\test.txt
	EndProjectSection
EndProject
Project("{2150E333-8FDC-42A3-9474-1A3956D46DE8}") = "SS.Backend", "SS.Backend", "{4DDF9735-C55F-4561-9AC5-5ECFC31A96F9}"
	ProjectSection(SolutionItems) = preProject
		bs-config.json = bs-config.json
		package-lock.json = package-lock.json
		package.json = package.json
	EndProjectSection
EndProject
Project("{2150E333-8FDC-42A3-9474-1A3956D46DE8}") = "Solution Items", "Solution Items", "{B01F06E3-7BFC-4E7C-BD5B-33065115F025}"
	ProjectSection(SolutionItems) = preProject
<<<<<<< Updated upstream
		shutdownBackend.js = shutdownBackend.js
=======
>>>>>>> Stashed changes
		startupBackend.ps1 = startupBackend.ps1
		startupBackend.sh = startupBackend.sh
	EndProjectSection
EndProject
Project("{9A19103F-16F7-4668-BE54-9A1E7A4F7556}") = "SS.Backend.UserManagement", "SS.Backend.UserManagement\SS.Backend.UserManagement.csproj", "{2F6B7963-623D-4D58-B7B6-4704DC3805FD}"
EndProject
Project("{9A19103F-16F7-4668-BE54-9A1E7A4F7556}") = "SS.Backend.Tests.Tokens", "SS.Backend.Tests.Tokens\SS.Backend.Tests.Tokens.csproj", "{2AB7F8EB-71F5-444A-9C9B-65A8741329B7}"
EndProject
Project("{9A19103F-16F7-4668-BE54-9A1E7A4F7556}") = "SS.Backend.Tests.ReservationManagement", "SS.Backend.Tests.ReservationManagement\SS.Backend.Tests.ReservationManagement.csproj", "{6DD69DD0-F48E-42F8-81C4-113D37D126D9}"
EndProject
Project("{9A19103F-16F7-4668-BE54-9A1E7A4F7556}") = "SS.Backend.SpaceManager", "SS.Backend.SpaceManager\SS.Backend.SpaceManager.csproj", "{5B5C6973-4229-48D8-82FC-4053FA6D2F9E}"
EndProject
Project("{9A19103F-16F7-4668-BE54-9A1E7A4F7556}") = "SS.Backend.Tests.SpaceManager", "SS.Backend.Tests.SpaceManager\SS.Backend.Tests.SpaceManager.csproj", "{D10F31FC-367A-4A02-9105-D1CC2109A5A8}"
EndProject
Project("{9A19103F-16F7-4668-BE54-9A1E7A4F7556}") = "Registration", "RegistrationAPI\Registration.csproj", "{5D6B398B-3086-41BD-A941-8A49FAF855F2}"
EndProject
Project("{9A19103F-16F7-4668-BE54-9A1E7A4F7556}") = "SpaceManager", "SpaceManager\SpaceManager.csproj", "{0FEFBFDA-A2FD-4347-A524-3A2B4B7CDE1B}"
EndProject
Project("{2150E333-8FDC-42A3-9474-1A3956D46DE8}") = "Configs", "Configs", "{3733BDB6-2D40-4FB6-AEFA-679B7E07CAA2}"
	ProjectSection(SolutionItems) = preProject
		config.local.txt = config.local.txt
	EndProjectSection
EndProject
Project("{9A19103F-16F7-4668-BE54-9A1E7A4F7556}") = "PersonalOverviewAPI", "PersonalOverview\PersonalOverviewAPI.csproj", "{256E2E69-205C-4AC1-BC25-D7AF9559D916}"
EndProject
Project("{9A19103F-16F7-4668-BE54-9A1E7A4F7556}") = "AccountDeletionAPI", "AccountDeletion\AccountDeletionAPI.csproj", "{3F6B1813-ED9C-442E-B7FA-EABE6C722E87}"
EndProject
Project("{9A19103F-16F7-4668-BE54-9A1E7A4F7556}") = "SS.Backend.ReservationManagement", "SS.Backend.ReservationManagement\SS.Backend.ReservationManagement.csproj", "{EF1D194A-DB90-482F-9E11-C08C4BFF375D}"
EndProject
Project("{9A19103F-16F7-4668-BE54-9A1E7A4F7556}") = "SS.Backend.Security.AuthN", "SS.Backend.Security.AuthN\SS.Backend.Security.AuthN.csproj", "{A6595494-6F3A-45D4-B4B8-A2BE6A2086D2}"
EndProject
Project("{9A19103F-16F7-4668-BE54-9A1E7A4F7556}") = "SpaceBookingCenterAPI", "SpaceBookingCenterAPI\SpaceBookingCenterAPI.csproj", "{F989F622-12EA-49B2-AE26-E51B041B4585}"
EndProject
Project("{9A19103F-16F7-4668-BE54-9A1E7A4F7556}") = "SS.Backend.ReservationManagers", "SS.Backend.ReservationManagers\SS.Backend.ReservationManagers.csproj", "{BEC96AB3-9AE2-43DC-A5D9-699F472FEBEA}"
EndProject
Project("{9A19103F-16F7-4668-BE54-9A1E7A4F7556}") = "AuthAPI", "LoginAPI\AuthAPI.csproj", "{3891F910-49DF-41E2-ABC3-A53C5970C810}"
EndProject
Project("{9A19103F-16F7-4668-BE54-9A1E7A4F7556}") = "accountRecoveryAPI", "accountRecoveryAPI\accountRecoveryAPI.csproj", "{10D3B42B-586F-4023-95C8-0EEBE4801A43}"
EndProject
Project("{9A19103F-16F7-4668-BE54-9A1E7A4F7556}") = "AccountManagement", "AccountManagement\AccountManagement.csproj", "{2B3397F1-5504-4552-B86F-2DA86E9091BF}"
EndProject
Project("{2150E333-8FDC-42A3-9474-1A3956D46DE8}") = "Login", "Login", "{95C970DB-0341-4652-8C2D-8BA668EC39E0}"
	ProjectSection(SolutionItems) = preProject
		..\SS.Frontend\Login\index.html = ..\SS.Frontend\Login\index.html
		..\SS.Frontend\Login\PersonalOverviewFunctions.js = ..\SS.Frontend\Login\PersonalOverviewFunctions.js
		..\SS.Frontend\Login\PersonalOverviewStyle.css = ..\SS.Frontend\Login\PersonalOverviewStyle.css
		..\SS.Frontend\Login\script.js = ..\SS.Frontend\Login\script.js
		..\SS.Frontend\Login\spaceBookingCenter.css = ..\SS.Frontend\Login\spaceBookingCenter.css
		..\SS.Frontend\Login\spaceBookingCenter.js = ..\SS.Frontend\Login\spaceBookingCenter.js
		..\SS.Frontend\Login\style.css = ..\SS.Frontend\Login\style.css
		..\SS.Frontend\Login\test.js = ..\SS.Frontend\Login\test.js
	EndProjectSection
EndProject
Project("{2150E333-8FDC-42A3-9474-1A3956D46DE8}") = "UnAuthnAbout", "UnAuthnAbout", "{62862134-F400-4325-A07F-0FDB3512CF42}"
	ProjectSection(SolutionItems) = preProject
		..\SS.Frontend\UnAuthnAbout\about.html = ..\SS.Frontend\UnAuthnAbout\about.html
	EndProjectSection
EndProject
Project("{2150E333-8FDC-42A3-9474-1A3956D46DE8}") = "Pages", "Pages", "{E04C9A40-9E3C-45C6-8F25-8D7DA835F3FA}"
	ProjectSection(SolutionItems) = preProject
		..\SS.Frontend\UnAuthnAbout\pages\AIfire_transparent.png = ..\SS.Frontend\UnAuthnAbout\pages\AIfire_transparent.png
		..\SS.Frontend\UnAuthnAbout\pages\astroSurf.png = ..\SS.Frontend\UnAuthnAbout\pages\astroSurf.png
		..\SS.Frontend\UnAuthnAbout\pages\favicon.ico = ..\SS.Frontend\UnAuthnAbout\pages\favicon.ico
		..\SS.Frontend\UnAuthnAbout\pages\Registration.css = ..\SS.Frontend\UnAuthnAbout\pages\Registration.css
		..\SS.Frontend\UnAuthnAbout\pages\Registration.js = ..\SS.Frontend\UnAuthnAbout\pages\Registration.js
		..\SS.Frontend\UnAuthnAbout\pages\ssName.png = ..\SS.Frontend\UnAuthnAbout\pages\ssName.png
	EndProjectSection
EndProject
Project("{2150E333-8FDC-42A3-9474-1A3956D46DE8}") = "AccountDeletion", "AccountDeletion", "{3223E436-7B4A-4B87-815F-4BD5BE1434FC}"
	ProjectSection(SolutionItems) = preProject
		..\SS.Frontend\AccountDeletionFunction.js = ..\SS.Frontend\AccountDeletionFunction.js
		..\SS.Frontend\AccountDeletionStyle.css = ..\SS.Frontend\AccountDeletionStyle.css
		..\SS.Frontend\AccountDeletionView.html = ..\SS.Frontend\AccountDeletionView.html
	EndProjectSection
EndProject
Project("{2150E333-8FDC-42A3-9474-1A3956D46DE8}") = "PersonalOverview", "PersonalOverview", "{12685E34-2999-4D5D-8880-371B81FF888F}"
	ProjectSection(SolutionItems) = preProject
		..\SS.Frontend\PersonalOverview\PersonalOverviewCenter.html = ..\SS.Frontend\PersonalOverview\PersonalOverviewCenter.html
		..\SS.Frontend\PersonalOverview\PersonalOverviewFunctions.js = ..\SS.Frontend\PersonalOverview\PersonalOverviewFunctions.js
		..\SS.Frontend\PersonalOverview\PersonalOverviewStyle.css = ..\SS.Frontend\PersonalOverview\PersonalOverviewStyle.css
	EndProjectSection
EndProject
Project("{2150E333-8FDC-42A3-9474-1A3956D46DE8}") = "Registration", "Registration", "{732265D2-15CE-4F2E-9C24-25CAAC6C6686}"
	ProjectSection(SolutionItems) = preProject
		..\SS.Frontend\Registration\index.html = ..\SS.Frontend\Registration\index.html
		..\SS.Frontend\Registration.css = ..\SS.Frontend\Registration.css
		..\SS.Frontend\Registration\pages\Registration.js = ..\SS.Frontend\Registration\pages\Registration.js
	EndProjectSection
EndProject
Project("{9A19103F-16F7-4668-BE54-9A1E7A4F7556}") = "SS.Backend.Tests.Security.Authentication", "SS.Backend.Tests.Security.Authentication\SS.Backend.Tests.Security.Authentication.csproj", "{8F217661-F396-4E0A-9C05-4786D93F4DA4}"
EndProject
Project("{9A19103F-16F7-4668-BE54-9A1E7A4F7556}") = "SS.Backend.Tests.Security.Authorization", "SS.Backend.Tests.Security.Authorization\SS.Backend.Tests.Security.Authorization.csproj", "{2E24117F-D155-4370-A8A1-708A75EBBEAC}"
EndProject
Project("{9A19103F-16F7-4668-BE54-9A1E7A4F7556}") = "SS.ConsoleApp", "SS.ConsoleApp\SS.ConsoleApp.csproj", "{CC65791F-6EF7-44A6-A701-7C04DA5179CC}"
EndProject
Project("{9A19103F-16F7-4668-BE54-9A1E7A4F7556}") = "CompanyAPI", "CompanyAPI\CompanyAPI.csproj", "{548DF2B2-ADD8-41FE-B3E8-6C6C456D691E}"
EndProject
Project("{2150E333-8FDC-42A3-9474-1A3956D46DE8}") = "SpaceBookingCenterPage", "SpaceBookingCenterPage", "{BE50F3E9-C72D-447D-86A7-589E85E95C54}"
	ProjectSection(SolutionItems) = preProject
		..\SS.Frontend\SpaceBookingCenterPage\spaceBookingCenter.css = ..\SS.Frontend\SpaceBookingCenterPage\spaceBookingCenter.css
		..\SS.Frontend\SpaceBookingCenterPage\spaceBookingCenterView.html = ..\SS.Frontend\SpaceBookingCenterPage\spaceBookingCenterView.html
		..\SS.Frontend\SpaceBookingCenterPage\spaceBookingCenterView.js = ..\SS.Frontend\SpaceBookingCenterPage\spaceBookingCenterView.js
	EndProjectSection
EndProject
Project("{2150E333-8FDC-42A3-9474-1A3956D46DE8}") = "SpaceManager", "SpaceManager", "{20B4A7FD-3A68-4CCE-BCEE-CAB863BD2917}"
	ProjectSection(SolutionItems) = preProject
		..\SS.Frontend\SpaceManager\index.html = ..\SS.Frontend\SpaceManager\index.html
		..\SS.Frontend\SpaceManager\package-lock.json = ..\SS.Frontend\SpaceManager\package-lock.json
		..\SS.Frontend\SpaceManager\package.json = ..\SS.Frontend\SpaceManager\package.json
	EndProjectSection
EndProject
Project("{9A19103F-16F7-4668-BE54-9A1E7A4F7556}") = "SS.Backend.Tests.SpaceManagerReadCompanies", "SS.Backend.Tests.SpaceManagerReadCompanies\SS.Backend.Tests.SpaceManagerReadCompanies.csproj", "{CFE2013A-3569-475F-BC99-86007EDBDE8A}"
EndProject
Project("{9A19103F-16F7-4668-BE54-9A1E7A4F7556}") = "WaitlistApi", "WaitlistApi\WaitlistApi.csproj", "{C7FACCEB-FCF7-441E-9302-96567CE0E7FD}"
EndProject
Project("{9A19103F-16F7-4668-BE54-9A1E7A4F7556}") = "SS.Backend.Tests.PersonalOverviewService", "SS.Backend.Tests.PersonalOverview\SS.Backend.Tests.PersonalOverviewService.csproj", "{9574EBE3-960D-479B-848C-C8E64E6D8B29}"
EndProject
Project("{9A19103F-16F7-4668-BE54-9A1E7A4F7556}") = "SS.Backend.TaskManagerHub", "SS.Backend.TaskManagerHub\SS.Backend.TaskManagerHub.csproj", "{F01931E1-F0DB-4198-9B44-4E9ADDC2AE69}"
EndProject
Project("{9A19103F-16F7-4668-BE54-9A1E7A4F7556}") = "SS.Backend.Waitlist", "SS.Backend.Waitlist\SS.Backend.Waitlist.csproj", "{BADD4D86-F724-4B3C-BA34-F39B9F5F1C3B}"
EndProject
Project("{9A19103F-16F7-4668-BE54-9A1E7A4F7556}") = "SS.Backend.Tests.TaskManagerHub", "SS.Backend.Tests.TaskManagerHub\SS.Backend.Tests.TaskManagerHub.csproj", "{1AC28650-B6D6-4D3B-B963-D0B19B7FD201}"
EndProject
Global
	GlobalSection(SolutionConfigurationPlatforms) = preSolution
		Debug|Any CPU = Debug|Any CPU
		Release|Any CPU = Release|Any CPU
	EndGlobalSection
	GlobalSection(ProjectConfigurationPlatforms) = postSolution
		{AE4EC0B6-813A-46D2-9EB6-2153FE03E6D6}.Debug|Any CPU.ActiveCfg = Debug|Any CPU
		{AE4EC0B6-813A-46D2-9EB6-2153FE03E6D6}.Debug|Any CPU.Build.0 = Debug|Any CPU
		{AE4EC0B6-813A-46D2-9EB6-2153FE03E6D6}.Release|Any CPU.ActiveCfg = Release|Any CPU
		{AE4EC0B6-813A-46D2-9EB6-2153FE03E6D6}.Release|Any CPU.Build.0 = Release|Any CPU
		{13331E6E-A835-41E9-831F-4ADA5BB5CE0D}.Debug|Any CPU.ActiveCfg = Debug|Any CPU
		{13331E6E-A835-41E9-831F-4ADA5BB5CE0D}.Debug|Any CPU.Build.0 = Debug|Any CPU
		{13331E6E-A835-41E9-831F-4ADA5BB5CE0D}.Release|Any CPU.ActiveCfg = Release|Any CPU
		{13331E6E-A835-41E9-831F-4ADA5BB5CE0D}.Release|Any CPU.Build.0 = Release|Any CPU
		{A22E5CBB-793E-4D6C-B442-A87565282464}.Debug|Any CPU.ActiveCfg = Debug|Any CPU
		{A22E5CBB-793E-4D6C-B442-A87565282464}.Debug|Any CPU.Build.0 = Debug|Any CPU
		{A22E5CBB-793E-4D6C-B442-A87565282464}.Release|Any CPU.ActiveCfg = Release|Any CPU
		{A22E5CBB-793E-4D6C-B442-A87565282464}.Release|Any CPU.Build.0 = Release|Any CPU
		{8484A174-D9E4-4F9B-B27F-3CF292EAB5F8}.Debug|Any CPU.ActiveCfg = Debug|Any CPU
		{8484A174-D9E4-4F9B-B27F-3CF292EAB5F8}.Debug|Any CPU.Build.0 = Debug|Any CPU
		{8484A174-D9E4-4F9B-B27F-3CF292EAB5F8}.Release|Any CPU.ActiveCfg = Release|Any CPU
		{8484A174-D9E4-4F9B-B27F-3CF292EAB5F8}.Release|Any CPU.Build.0 = Release|Any CPU
		{C9364A4E-A22A-46CD-AA2B-2FB26BED0BE0}.Debug|Any CPU.ActiveCfg = Debug|Any CPU
		{C9364A4E-A22A-46CD-AA2B-2FB26BED0BE0}.Debug|Any CPU.Build.0 = Debug|Any CPU
		{C9364A4E-A22A-46CD-AA2B-2FB26BED0BE0}.Release|Any CPU.ActiveCfg = Release|Any CPU
		{C9364A4E-A22A-46CD-AA2B-2FB26BED0BE0}.Release|Any CPU.Build.0 = Release|Any CPU
		{6035FCC0-2071-4DE7-A6D1-740A422DA888}.Debug|Any CPU.ActiveCfg = Debug|Any CPU
		{6035FCC0-2071-4DE7-A6D1-740A422DA888}.Debug|Any CPU.Build.0 = Debug|Any CPU
		{6035FCC0-2071-4DE7-A6D1-740A422DA888}.Release|Any CPU.ActiveCfg = Release|Any CPU
		{6035FCC0-2071-4DE7-A6D1-740A422DA888}.Release|Any CPU.Build.0 = Release|Any CPU
		{D0871303-1A98-4A19-B68A-DEF78438301B}.Debug|Any CPU.ActiveCfg = Debug|Any CPU
		{D0871303-1A98-4A19-B68A-DEF78438301B}.Debug|Any CPU.Build.0 = Debug|Any CPU
		{D0871303-1A98-4A19-B68A-DEF78438301B}.Release|Any CPU.ActiveCfg = Release|Any CPU
		{D0871303-1A98-4A19-B68A-DEF78438301B}.Release|Any CPU.Build.0 = Release|Any CPU
		{ABD6D6CB-8786-4F24-8569-5B620A5C31B3}.Debug|Any CPU.ActiveCfg = Debug|Any CPU
		{ABD6D6CB-8786-4F24-8569-5B620A5C31B3}.Debug|Any CPU.Build.0 = Debug|Any CPU
		{ABD6D6CB-8786-4F24-8569-5B620A5C31B3}.Release|Any CPU.ActiveCfg = Release|Any CPU
		{ABD6D6CB-8786-4F24-8569-5B620A5C31B3}.Release|Any CPU.Build.0 = Release|Any CPU
		{15BF497F-DD35-4D95-9AD4-2A752F273379}.Debug|Any CPU.ActiveCfg = Debug|Any CPU
		{15BF497F-DD35-4D95-9AD4-2A752F273379}.Debug|Any CPU.Build.0 = Debug|Any CPU
		{15BF497F-DD35-4D95-9AD4-2A752F273379}.Release|Any CPU.ActiveCfg = Release|Any CPU
		{15BF497F-DD35-4D95-9AD4-2A752F273379}.Release|Any CPU.Build.0 = Release|Any CPU
		{1D919CBC-62A1-4F64-8FB0-B3DE9FC8AC8E}.Debug|Any CPU.ActiveCfg = Debug|Any CPU
		{1D919CBC-62A1-4F64-8FB0-B3DE9FC8AC8E}.Debug|Any CPU.Build.0 = Debug|Any CPU
		{1D919CBC-62A1-4F64-8FB0-B3DE9FC8AC8E}.Release|Any CPU.ActiveCfg = Release|Any CPU
		{1D919CBC-62A1-4F64-8FB0-B3DE9FC8AC8E}.Release|Any CPU.Build.0 = Release|Any CPU
		{2F6B7963-623D-4D58-B7B6-4704DC3805FD}.Debug|Any CPU.ActiveCfg = Debug|Any CPU
		{2F6B7963-623D-4D58-B7B6-4704DC3805FD}.Debug|Any CPU.Build.0 = Debug|Any CPU
		{2F6B7963-623D-4D58-B7B6-4704DC3805FD}.Release|Any CPU.ActiveCfg = Release|Any CPU
		{2F6B7963-623D-4D58-B7B6-4704DC3805FD}.Release|Any CPU.Build.0 = Release|Any CPU
		{2AB7F8EB-71F5-444A-9C9B-65A8741329B7}.Debug|Any CPU.ActiveCfg = Debug|Any CPU
		{2AB7F8EB-71F5-444A-9C9B-65A8741329B7}.Debug|Any CPU.Build.0 = Debug|Any CPU
		{2AB7F8EB-71F5-444A-9C9B-65A8741329B7}.Release|Any CPU.ActiveCfg = Release|Any CPU
		{2AB7F8EB-71F5-444A-9C9B-65A8741329B7}.Release|Any CPU.Build.0 = Release|Any CPU
		{6DD69DD0-F48E-42F8-81C4-113D37D126D9}.Debug|Any CPU.ActiveCfg = Debug|Any CPU
		{6DD69DD0-F48E-42F8-81C4-113D37D126D9}.Debug|Any CPU.Build.0 = Debug|Any CPU
		{6DD69DD0-F48E-42F8-81C4-113D37D126D9}.Release|Any CPU.ActiveCfg = Release|Any CPU
		{6DD69DD0-F48E-42F8-81C4-113D37D126D9}.Release|Any CPU.Build.0 = Release|Any CPU
		{5B5C6973-4229-48D8-82FC-4053FA6D2F9E}.Debug|Any CPU.ActiveCfg = Debug|Any CPU
		{5B5C6973-4229-48D8-82FC-4053FA6D2F9E}.Debug|Any CPU.Build.0 = Debug|Any CPU
		{5B5C6973-4229-48D8-82FC-4053FA6D2F9E}.Release|Any CPU.ActiveCfg = Release|Any CPU
		{5B5C6973-4229-48D8-82FC-4053FA6D2F9E}.Release|Any CPU.Build.0 = Release|Any CPU
		{D10F31FC-367A-4A02-9105-D1CC2109A5A8}.Debug|Any CPU.ActiveCfg = Debug|Any CPU
		{D10F31FC-367A-4A02-9105-D1CC2109A5A8}.Debug|Any CPU.Build.0 = Debug|Any CPU
		{D10F31FC-367A-4A02-9105-D1CC2109A5A8}.Release|Any CPU.ActiveCfg = Release|Any CPU
		{D10F31FC-367A-4A02-9105-D1CC2109A5A8}.Release|Any CPU.Build.0 = Release|Any CPU
		{5D6B398B-3086-41BD-A941-8A49FAF855F2}.Debug|Any CPU.ActiveCfg = Debug|Any CPU
		{5D6B398B-3086-41BD-A941-8A49FAF855F2}.Debug|Any CPU.Build.0 = Debug|Any CPU
		{5D6B398B-3086-41BD-A941-8A49FAF855F2}.Release|Any CPU.ActiveCfg = Release|Any CPU
		{5D6B398B-3086-41BD-A941-8A49FAF855F2}.Release|Any CPU.Build.0 = Release|Any CPU
		{0FEFBFDA-A2FD-4347-A524-3A2B4B7CDE1B}.Debug|Any CPU.ActiveCfg = Debug|Any CPU
		{0FEFBFDA-A2FD-4347-A524-3A2B4B7CDE1B}.Debug|Any CPU.Build.0 = Debug|Any CPU
		{0FEFBFDA-A2FD-4347-A524-3A2B4B7CDE1B}.Release|Any CPU.ActiveCfg = Release|Any CPU
		{0FEFBFDA-A2FD-4347-A524-3A2B4B7CDE1B}.Release|Any CPU.Build.0 = Release|Any CPU
		{256E2E69-205C-4AC1-BC25-D7AF9559D916}.Debug|Any CPU.ActiveCfg = Debug|Any CPU
		{256E2E69-205C-4AC1-BC25-D7AF9559D916}.Debug|Any CPU.Build.0 = Debug|Any CPU
		{256E2E69-205C-4AC1-BC25-D7AF9559D916}.Release|Any CPU.ActiveCfg = Release|Any CPU
		{256E2E69-205C-4AC1-BC25-D7AF9559D916}.Release|Any CPU.Build.0 = Release|Any CPU
		{3F6B1813-ED9C-442E-B7FA-EABE6C722E87}.Debug|Any CPU.ActiveCfg = Debug|Any CPU
		{3F6B1813-ED9C-442E-B7FA-EABE6C722E87}.Debug|Any CPU.Build.0 = Debug|Any CPU
		{3F6B1813-ED9C-442E-B7FA-EABE6C722E87}.Release|Any CPU.ActiveCfg = Release|Any CPU
		{3F6B1813-ED9C-442E-B7FA-EABE6C722E87}.Release|Any CPU.Build.0 = Release|Any CPU
		{EF1D194A-DB90-482F-9E11-C08C4BFF375D}.Debug|Any CPU.ActiveCfg = Debug|Any CPU
		{EF1D194A-DB90-482F-9E11-C08C4BFF375D}.Debug|Any CPU.Build.0 = Debug|Any CPU
		{EF1D194A-DB90-482F-9E11-C08C4BFF375D}.Release|Any CPU.ActiveCfg = Release|Any CPU
		{EF1D194A-DB90-482F-9E11-C08C4BFF375D}.Release|Any CPU.Build.0 = Release|Any CPU
		{A6595494-6F3A-45D4-B4B8-A2BE6A2086D2}.Debug|Any CPU.ActiveCfg = Debug|Any CPU
		{A6595494-6F3A-45D4-B4B8-A2BE6A2086D2}.Debug|Any CPU.Build.0 = Debug|Any CPU
		{A6595494-6F3A-45D4-B4B8-A2BE6A2086D2}.Release|Any CPU.ActiveCfg = Release|Any CPU
		{A6595494-6F3A-45D4-B4B8-A2BE6A2086D2}.Release|Any CPU.Build.0 = Release|Any CPU
		{F989F622-12EA-49B2-AE26-E51B041B4585}.Debug|Any CPU.ActiveCfg = Debug|Any CPU
		{F989F622-12EA-49B2-AE26-E51B041B4585}.Debug|Any CPU.Build.0 = Debug|Any CPU
		{F989F622-12EA-49B2-AE26-E51B041B4585}.Release|Any CPU.ActiveCfg = Release|Any CPU
		{F989F622-12EA-49B2-AE26-E51B041B4585}.Release|Any CPU.Build.0 = Release|Any CPU
		{BEC96AB3-9AE2-43DC-A5D9-699F472FEBEA}.Debug|Any CPU.ActiveCfg = Debug|Any CPU
		{BEC96AB3-9AE2-43DC-A5D9-699F472FEBEA}.Debug|Any CPU.Build.0 = Debug|Any CPU
		{BEC96AB3-9AE2-43DC-A5D9-699F472FEBEA}.Release|Any CPU.ActiveCfg = Release|Any CPU
		{BEC96AB3-9AE2-43DC-A5D9-699F472FEBEA}.Release|Any CPU.Build.0 = Release|Any CPU
		{3891F910-49DF-41E2-ABC3-A53C5970C810}.Debug|Any CPU.ActiveCfg = Debug|Any CPU
		{3891F910-49DF-41E2-ABC3-A53C5970C810}.Debug|Any CPU.Build.0 = Debug|Any CPU
		{3891F910-49DF-41E2-ABC3-A53C5970C810}.Release|Any CPU.ActiveCfg = Release|Any CPU
		{3891F910-49DF-41E2-ABC3-A53C5970C810}.Release|Any CPU.Build.0 = Release|Any CPU
		{10D3B42B-586F-4023-95C8-0EEBE4801A43}.Debug|Any CPU.ActiveCfg = Debug|Any CPU
		{10D3B42B-586F-4023-95C8-0EEBE4801A43}.Debug|Any CPU.Build.0 = Debug|Any CPU
		{10D3B42B-586F-4023-95C8-0EEBE4801A43}.Release|Any CPU.ActiveCfg = Release|Any CPU
		{10D3B42B-586F-4023-95C8-0EEBE4801A43}.Release|Any CPU.Build.0 = Release|Any CPU
		{2B3397F1-5504-4552-B86F-2DA86E9091BF}.Debug|Any CPU.ActiveCfg = Debug|Any CPU
		{2B3397F1-5504-4552-B86F-2DA86E9091BF}.Debug|Any CPU.Build.0 = Debug|Any CPU
		{2B3397F1-5504-4552-B86F-2DA86E9091BF}.Release|Any CPU.ActiveCfg = Release|Any CPU
		{2B3397F1-5504-4552-B86F-2DA86E9091BF}.Release|Any CPU.Build.0 = Release|Any CPU
		{8F217661-F396-4E0A-9C05-4786D93F4DA4}.Debug|Any CPU.ActiveCfg = Debug|Any CPU
		{8F217661-F396-4E0A-9C05-4786D93F4DA4}.Debug|Any CPU.Build.0 = Debug|Any CPU
		{8F217661-F396-4E0A-9C05-4786D93F4DA4}.Release|Any CPU.ActiveCfg = Release|Any CPU
		{8F217661-F396-4E0A-9C05-4786D93F4DA4}.Release|Any CPU.Build.0 = Release|Any CPU
		{2E24117F-D155-4370-A8A1-708A75EBBEAC}.Debug|Any CPU.ActiveCfg = Debug|Any CPU
		{2E24117F-D155-4370-A8A1-708A75EBBEAC}.Debug|Any CPU.Build.0 = Debug|Any CPU
		{2E24117F-D155-4370-A8A1-708A75EBBEAC}.Release|Any CPU.ActiveCfg = Release|Any CPU
		{2E24117F-D155-4370-A8A1-708A75EBBEAC}.Release|Any CPU.Build.0 = Release|Any CPU
		{CC65791F-6EF7-44A6-A701-7C04DA5179CC}.Debug|Any CPU.ActiveCfg = Debug|Any CPU
		{CC65791F-6EF7-44A6-A701-7C04DA5179CC}.Debug|Any CPU.Build.0 = Debug|Any CPU
		{CC65791F-6EF7-44A6-A701-7C04DA5179CC}.Release|Any CPU.ActiveCfg = Release|Any CPU
		{CC65791F-6EF7-44A6-A701-7C04DA5179CC}.Release|Any CPU.Build.0 = Release|Any CPU
		{548DF2B2-ADD8-41FE-B3E8-6C6C456D691E}.Debug|Any CPU.ActiveCfg = Debug|Any CPU
		{548DF2B2-ADD8-41FE-B3E8-6C6C456D691E}.Debug|Any CPU.Build.0 = Debug|Any CPU
		{548DF2B2-ADD8-41FE-B3E8-6C6C456D691E}.Release|Any CPU.ActiveCfg = Release|Any CPU
		{548DF2B2-ADD8-41FE-B3E8-6C6C456D691E}.Release|Any CPU.Build.0 = Release|Any CPU
		{CFE2013A-3569-475F-BC99-86007EDBDE8A}.Debug|Any CPU.ActiveCfg = Debug|Any CPU
		{CFE2013A-3569-475F-BC99-86007EDBDE8A}.Debug|Any CPU.Build.0 = Debug|Any CPU
		{CFE2013A-3569-475F-BC99-86007EDBDE8A}.Release|Any CPU.ActiveCfg = Release|Any CPU
		{CFE2013A-3569-475F-BC99-86007EDBDE8A}.Release|Any CPU.Build.0 = Release|Any CPU
		{C7FACCEB-FCF7-441E-9302-96567CE0E7FD}.Debug|Any CPU.ActiveCfg = Debug|Any CPU
		{C7FACCEB-FCF7-441E-9302-96567CE0E7FD}.Debug|Any CPU.Build.0 = Debug|Any CPU
		{C7FACCEB-FCF7-441E-9302-96567CE0E7FD}.Release|Any CPU.ActiveCfg = Release|Any CPU
		{C7FACCEB-FCF7-441E-9302-96567CE0E7FD}.Release|Any CPU.Build.0 = Release|Any CPU
		{9574EBE3-960D-479B-848C-C8E64E6D8B29}.Debug|Any CPU.ActiveCfg = Debug|Any CPU
		{9574EBE3-960D-479B-848C-C8E64E6D8B29}.Debug|Any CPU.Build.0 = Debug|Any CPU
		{9574EBE3-960D-479B-848C-C8E64E6D8B29}.Release|Any CPU.ActiveCfg = Release|Any CPU
		{9574EBE3-960D-479B-848C-C8E64E6D8B29}.Release|Any CPU.Build.0 = Release|Any CPU
		{F01931E1-F0DB-4198-9B44-4E9ADDC2AE69}.Debug|Any CPU.ActiveCfg = Debug|Any CPU
		{F01931E1-F0DB-4198-9B44-4E9ADDC2AE69}.Debug|Any CPU.Build.0 = Debug|Any CPU
		{F01931E1-F0DB-4198-9B44-4E9ADDC2AE69}.Release|Any CPU.ActiveCfg = Release|Any CPU
		{F01931E1-F0DB-4198-9B44-4E9ADDC2AE69}.Release|Any CPU.Build.0 = Release|Any CPU
		{BADD4D86-F724-4B3C-BA34-F39B9F5F1C3B}.Debug|Any CPU.ActiveCfg = Debug|Any CPU
		{BADD4D86-F724-4B3C-BA34-F39B9F5F1C3B}.Debug|Any CPU.Build.0 = Debug|Any CPU
		{BADD4D86-F724-4B3C-BA34-F39B9F5F1C3B}.Release|Any CPU.ActiveCfg = Release|Any CPU
		{BADD4D86-F724-4B3C-BA34-F39B9F5F1C3B}.Release|Any CPU.Build.0 = Release|Any CPU
		{1AC28650-B6D6-4D3B-B963-D0B19B7FD201}.Debug|Any CPU.ActiveCfg = Debug|Any CPU
		{1AC28650-B6D6-4D3B-B963-D0B19B7FD201}.Debug|Any CPU.Build.0 = Debug|Any CPU
		{1AC28650-B6D6-4D3B-B963-D0B19B7FD201}.Release|Any CPU.ActiveCfg = Release|Any CPU
		{1AC28650-B6D6-4D3B-B963-D0B19B7FD201}.Release|Any CPU.Build.0 = Release|Any CPU
	EndGlobalSection
	GlobalSection(SolutionProperties) = preSolution
		HideSolutionNode = FALSE
	EndGlobalSection
	GlobalSection(NestedProjects) = preSolution
		{AE4EC0B6-813A-46D2-9EB6-2153FE03E6D6} = {4DDF9735-C55F-4561-9AC5-5ECFC31A96F9}
		{13331E6E-A835-41E9-831F-4ADA5BB5CE0D} = {4DDF9735-C55F-4561-9AC5-5ECFC31A96F9}
		{A22E5CBB-793E-4D6C-B442-A87565282464} = {4DDF9735-C55F-4561-9AC5-5ECFC31A96F9}
		{8484A174-D9E4-4F9B-B27F-3CF292EAB5F8} = {4DDF9735-C55F-4561-9AC5-5ECFC31A96F9}
		{C9364A4E-A22A-46CD-AA2B-2FB26BED0BE0} = {4DDF9735-C55F-4561-9AC5-5ECFC31A96F9}
		{6035FCC0-2071-4DE7-A6D1-740A422DA888} = {4DDF9735-C55F-4561-9AC5-5ECFC31A96F9}
		{D0871303-1A98-4A19-B68A-DEF78438301B} = {4DDF9735-C55F-4561-9AC5-5ECFC31A96F9}
		{ABD6D6CB-8786-4F24-8569-5B620A5C31B3} = {4DDF9735-C55F-4561-9AC5-5ECFC31A96F9}
		{15BF497F-DD35-4D95-9AD4-2A752F273379} = {4DDF9735-C55F-4561-9AC5-5ECFC31A96F9}
		{1D919CBC-62A1-4F64-8FB0-B3DE9FC8AC8E} = {4DDF9735-C55F-4561-9AC5-5ECFC31A96F9}
		{2F6B7963-623D-4D58-B7B6-4704DC3805FD} = {4DDF9735-C55F-4561-9AC5-5ECFC31A96F9}
		{6DD69DD0-F48E-42F8-81C4-113D37D126D9} = {4DDF9735-C55F-4561-9AC5-5ECFC31A96F9}
		{5B5C6973-4229-48D8-82FC-4053FA6D2F9E} = {4DDF9735-C55F-4561-9AC5-5ECFC31A96F9}
		{D10F31FC-367A-4A02-9105-D1CC2109A5A8} = {4DDF9735-C55F-4561-9AC5-5ECFC31A96F9}
		{5D6B398B-3086-41BD-A941-8A49FAF855F2} = {4DDF9735-C55F-4561-9AC5-5ECFC31A96F9}
		{0FEFBFDA-A2FD-4347-A524-3A2B4B7CDE1B} = {4DDF9735-C55F-4561-9AC5-5ECFC31A96F9}
		{256E2E69-205C-4AC1-BC25-D7AF9559D916} = {4DDF9735-C55F-4561-9AC5-5ECFC31A96F9}
		{3F6B1813-ED9C-442E-B7FA-EABE6C722E87} = {4DDF9735-C55F-4561-9AC5-5ECFC31A96F9}
		{EF1D194A-DB90-482F-9E11-C08C4BFF375D} = {4DDF9735-C55F-4561-9AC5-5ECFC31A96F9}
		{A6595494-6F3A-45D4-B4B8-A2BE6A2086D2} = {4DDF9735-C55F-4561-9AC5-5ECFC31A96F9}
		{F989F622-12EA-49B2-AE26-E51B041B4585} = {4DDF9735-C55F-4561-9AC5-5ECFC31A96F9}
		{BEC96AB3-9AE2-43DC-A5D9-699F472FEBEA} = {4DDF9735-C55F-4561-9AC5-5ECFC31A96F9}
		{3891F910-49DF-41E2-ABC3-A53C5970C810} = {4DDF9735-C55F-4561-9AC5-5ECFC31A96F9}
		{10D3B42B-586F-4023-95C8-0EEBE4801A43} = {4DDF9735-C55F-4561-9AC5-5ECFC31A96F9}
		{2B3397F1-5504-4552-B86F-2DA86E9091BF} = {4DDF9735-C55F-4561-9AC5-5ECFC31A96F9}
		{95C970DB-0341-4652-8C2D-8BA668EC39E0} = {26858018-4ED5-462E-95B0-5A2DA42A0112}
		{62862134-F400-4325-A07F-0FDB3512CF42} = {26858018-4ED5-462E-95B0-5A2DA42A0112}
		{E04C9A40-9E3C-45C6-8F25-8D7DA835F3FA} = {62862134-F400-4325-A07F-0FDB3512CF42}
		{3223E436-7B4A-4B87-815F-4BD5BE1434FC} = {26858018-4ED5-462E-95B0-5A2DA42A0112}
		{12685E34-2999-4D5D-8880-371B81FF888F} = {26858018-4ED5-462E-95B0-5A2DA42A0112}
		{732265D2-15CE-4F2E-9C24-25CAAC6C6686} = {26858018-4ED5-462E-95B0-5A2DA42A0112}
		{8F217661-F396-4E0A-9C05-4786D93F4DA4} = {4DDF9735-C55F-4561-9AC5-5ECFC31A96F9}
		{2E24117F-D155-4370-A8A1-708A75EBBEAC} = {4DDF9735-C55F-4561-9AC5-5ECFC31A96F9}
		{CC65791F-6EF7-44A6-A701-7C04DA5179CC} = {4DDF9735-C55F-4561-9AC5-5ECFC31A96F9}
		{548DF2B2-ADD8-41FE-B3E8-6C6C456D691E} = {4DDF9735-C55F-4561-9AC5-5ECFC31A96F9}
		{BE50F3E9-C72D-447D-86A7-589E85E95C54} = {26858018-4ED5-462E-95B0-5A2DA42A0112}
		{20B4A7FD-3A68-4CCE-BCEE-CAB863BD2917} = {26858018-4ED5-462E-95B0-5A2DA42A0112}
		{CFE2013A-3569-475F-BC99-86007EDBDE8A} = {4DDF9735-C55F-4561-9AC5-5ECFC31A96F9}
		{C7FACCEB-FCF7-441E-9302-96567CE0E7FD} = {4DDF9735-C55F-4561-9AC5-5ECFC31A96F9}
		{9574EBE3-960D-479B-848C-C8E64E6D8B29} = {4DDF9735-C55F-4561-9AC5-5ECFC31A96F9}
	EndGlobalSection
	GlobalSection(ExtensibilityGlobals) = postSolution
		SolutionGuid = {27FF35A7-BBB6-414D-87FC-32255A9F675F}
	EndGlobalSection
EndGlobal
