
Microsoft Visual Studio Solution File, Format Version 12.00
# Visual Studio Version 17
VisualStudioVersion = 17.5.002.0
MinimumVisualStudioVersion = 10.0.40219.1
Project("{9A19103F-16F7-4668-BE54-9A1E7A4F7556}") = "CECS491Aassignment1", "CECS491Aassignment1.csproj", "{353EB218-5BDB-452A-88D1-288B8531F5ED}"
EndProject
Global
	GlobalSection(SolutionConfigurationPlatforms) = preSolution
		Debug|Any CPU = Debug|Any CPU
		Release|Any CPU = Release|Any CPU
	EndGlobalSection
	GlobalSection(ProjectConfigurationPlatforms) = postSolution
		{353EB218-5BDB-452A-88D1-288B8531F5ED}.Debug|Any CPU.ActiveCfg = Debug|Any CPU
		{353EB218-5BDB-452A-88D1-288B8531F5ED}.Debug|Any CPU.Build.0 = Debug|Any CPU
		{353EB218-5BDB-452A-88D1-288B8531F5ED}.Release|Any CPU.ActiveCfg = Release|Any CPU
		{353EB218-5BDB-452A-88D1-288B8531F5ED}.Release|Any CPU.Build.0 = Release|Any CPU
	EndGlobalSection
	GlobalSection(SolutionProperties) = preSolution
		HideSolutionNode = FALSE
	EndGlobalSection
	GlobalSection(ExtensibilityGlobals) = postSolution
		SolutionGuid = {2C53C75B-1240-47E2-A6F9-6B076F9EC5D8}
	EndGlobalSection
EndGlobal
