
Microsoft Visual Studio Solution File, Format Version 12.00
# Visual Studio Version 17
VisualStudioVersion = 17.7.34202.233
MinimumVisualStudioVersion = 10.0.40219.1
Project("{FAE04EC0-301F-11D3-BF4B-00C04F79EFBC}") = "SS.Logging", "SS.Logging\SS.Logging.csproj", "{EB63FB01-7CDB-44DB-B303-957221D9F0A3}"
EndProject
Project("{FAE04EC0-301F-11D3-BF4B-00C04F79EFBC}") = "SS.Logging.ConsoleApp", "SS.Logging.ConsoleApp\SS.Logging.ConsoleApp.csproj", "{3CEB87A3-8452-4306-97E4-444AFABCCC6E}"
EndProject
Project("{FAE04EC0-301F-11D3-BF4B-00C04F79EFBC}") = "SS.Logging.DataAccessing", "SS.Logging.DataAccess\SS.Logging.DataAccessing.csproj", "{02B05938-4014-4504-81B1-5952822EA415}"
EndProject
Global
	GlobalSection(SolutionConfigurationPlatforms) = preSolution
		Debug|Any CPU = Debug|Any CPU
		Release|Any CPU = Release|Any CPU
	EndGlobalSection
	GlobalSection(ProjectConfigurationPlatforms) = postSolution
		{EB63FB01-7CDB-44DB-B303-957221D9F0A3}.Debug|Any CPU.ActiveCfg = Debug|Any CPU
		{EB63FB01-7CDB-44DB-B303-957221D9F0A3}.Debug|Any CPU.Build.0 = Debug|Any CPU
		{EB63FB01-7CDB-44DB-B303-957221D9F0A3}.Release|Any CPU.ActiveCfg = Release|Any CPU
		{EB63FB01-7CDB-44DB-B303-957221D9F0A3}.Release|Any CPU.Build.0 = Release|Any CPU
		{3CEB87A3-8452-4306-97E4-444AFABCCC6E}.Debug|Any CPU.ActiveCfg = Debug|Any CPU
		{3CEB87A3-8452-4306-97E4-444AFABCCC6E}.Debug|Any CPU.Build.0 = Debug|Any CPU
		{3CEB87A3-8452-4306-97E4-444AFABCCC6E}.Release|Any CPU.ActiveCfg = Release|Any CPU
		{3CEB87A3-8452-4306-97E4-444AFABCCC6E}.Release|Any CPU.Build.0 = Release|Any CPU
		{02B05938-4014-4504-81B1-5952822EA415}.Debug|Any CPU.ActiveCfg = Debug|Any CPU
		{02B05938-4014-4504-81B1-5952822EA415}.Debug|Any CPU.Build.0 = Debug|Any CPU
		{02B05938-4014-4504-81B1-5952822EA415}.Release|Any CPU.ActiveCfg = Release|Any CPU
		{02B05938-4014-4504-81B1-5952822EA415}.Release|Any CPU.Build.0 = Release|Any CPU
	EndGlobalSection
	GlobalSection(SolutionProperties) = preSolution
		HideSolutionNode = FALSE
	EndGlobalSection
	GlobalSection(ExtensibilityGlobals) = postSolution
		SolutionGuid = {D5DFF33A-44A1-40CD-B0BC-6D81AD217AEA}
	EndGlobalSection
EndGlobal
