
Microsoft Visual Studio Solution File, Format Version 12.00
# Visual Studio Version 17
VisualStudioVersion = 17.7.34031.279
MinimumVisualStudioVersion = 10.0.40219.1
Project("{9A19103F-16F7-4668-BE54-9A1E7A4F7556}") = "SS.Logging.DataAccess", "SS.Logging.DataAccess\SS.Logging.DataAccess.csproj", "{4790137C-98E2-4828-869F-B26A9FC1E50D}"
EndProject
Project("{9A19103F-16F7-4668-BE54-9A1E7A4F7556}") = "SS.Logging", "SS.Logging\SS.Logging.csproj", "{7D658CF5-6762-41AD-8C68-09869A8A6ECC}"
EndProject
Project("{9A19103F-16F7-4668-BE54-9A1E7A4F7556}") = "SS.Logging.DataAccess.Test", "SS.Logging.DataAccess.Test\SS.Logging.DataAccess.Test.csproj", "{D0B8F428-8B6C-4041-AD70-47663E9B36BE}"
EndProject
Project("{9A19103F-16F7-4668-BE54-9A1E7A4F7556}") = "SS.Logging.Test", "SS.Logging.Test\SS.Logging.Test.csproj", "{0FF0A18A-349E-4D89-A3BA-D9B03800C9C6}"
EndProject
Project("{9A19103F-16F7-4668-BE54-9A1E7A4F7556}") = "SS.LoggingConsoleApp", "SS.LoggingConsoleApp\SS.LoggingConsoleApp.csproj", "{BE840EBC-D5A4-48E7-B6E7-C278FE8A21B4}"
EndProject
Project("{FAE04EC0-301F-11D3-BF4B-00C04F79EFBC}") = "SS.SharedNamespace", "SS.SharedNamespace\SS.SharedNamespace.csproj", "{7F470EEC-FE09-46CE-9062-1DFBAAC0734D}"
EndProject
Global
	GlobalSection(SolutionConfigurationPlatforms) = preSolution
		Debug|Any CPU = Debug|Any CPU
		Release|Any CPU = Release|Any CPU
	EndGlobalSection
	GlobalSection(ProjectConfigurationPlatforms) = postSolution
		{4790137C-98E2-4828-869F-B26A9FC1E50D}.Debug|Any CPU.ActiveCfg = Debug|Any CPU
		{4790137C-98E2-4828-869F-B26A9FC1E50D}.Debug|Any CPU.Build.0 = Debug|Any CPU
		{4790137C-98E2-4828-869F-B26A9FC1E50D}.Release|Any CPU.ActiveCfg = Release|Any CPU
		{4790137C-98E2-4828-869F-B26A9FC1E50D}.Release|Any CPU.Build.0 = Release|Any CPU
		{7D658CF5-6762-41AD-8C68-09869A8A6ECC}.Debug|Any CPU.ActiveCfg = Debug|Any CPU
		{7D658CF5-6762-41AD-8C68-09869A8A6ECC}.Debug|Any CPU.Build.0 = Debug|Any CPU
		{7D658CF5-6762-41AD-8C68-09869A8A6ECC}.Release|Any CPU.ActiveCfg = Release|Any CPU
		{7D658CF5-6762-41AD-8C68-09869A8A6ECC}.Release|Any CPU.Build.0 = Release|Any CPU
		{D0B8F428-8B6C-4041-AD70-47663E9B36BE}.Debug|Any CPU.ActiveCfg = Debug|Any CPU
		{D0B8F428-8B6C-4041-AD70-47663E9B36BE}.Debug|Any CPU.Build.0 = Debug|Any CPU
		{D0B8F428-8B6C-4041-AD70-47663E9B36BE}.Release|Any CPU.ActiveCfg = Release|Any CPU
		{D0B8F428-8B6C-4041-AD70-47663E9B36BE}.Release|Any CPU.Build.0 = Release|Any CPU
		{0FF0A18A-349E-4D89-A3BA-D9B03800C9C6}.Debug|Any CPU.ActiveCfg = Debug|Any CPU
		{0FF0A18A-349E-4D89-A3BA-D9B03800C9C6}.Debug|Any CPU.Build.0 = Debug|Any CPU
		{0FF0A18A-349E-4D89-A3BA-D9B03800C9C6}.Release|Any CPU.ActiveCfg = Release|Any CPU
		{0FF0A18A-349E-4D89-A3BA-D9B03800C9C6}.Release|Any CPU.Build.0 = Release|Any CPU
		{BE840EBC-D5A4-48E7-B6E7-C278FE8A21B4}.Debug|Any CPU.ActiveCfg = Debug|Any CPU
		{BE840EBC-D5A4-48E7-B6E7-C278FE8A21B4}.Debug|Any CPU.Build.0 = Debug|Any CPU
		{BE840EBC-D5A4-48E7-B6E7-C278FE8A21B4}.Release|Any CPU.ActiveCfg = Release|Any CPU
		{BE840EBC-D5A4-48E7-B6E7-C278FE8A21B4}.Release|Any CPU.Build.0 = Release|Any CPU
		{7F470EEC-FE09-46CE-9062-1DFBAAC0734D}.Debug|Any CPU.ActiveCfg = Debug|Any CPU
		{7F470EEC-FE09-46CE-9062-1DFBAAC0734D}.Debug|Any CPU.Build.0 = Debug|Any CPU
		{7F470EEC-FE09-46CE-9062-1DFBAAC0734D}.Release|Any CPU.ActiveCfg = Release|Any CPU
		{7F470EEC-FE09-46CE-9062-1DFBAAC0734D}.Release|Any CPU.Build.0 = Release|Any CPU
	EndGlobalSection
	GlobalSection(SolutionProperties) = preSolution
		HideSolutionNode = FALSE
	EndGlobalSection
	GlobalSection(ExtensibilityGlobals) = postSolution
		SolutionGuid = {15820FFF-CDDA-4623-BD07-8BB479ED17C1}
	EndGlobalSection
EndGlobal
