
Microsoft Visual Studio Solution File, Format Version 12.00
# Visual Studio Version 17
VisualStudioVersion = 17.7.34031.279
MinimumVisualStudioVersion = 10.0.40219.1
Project("{9A19103F-16F7-4668-BE54-9A1E7A4F7556}") = "SS.Logging", "SpaceSurfer\SS.Logging.csproj", "{526BE1D1-FDE6-4C82-B7E0-AEE4580B167B}"
EndProject
Project("{9A19103F-16F7-4668-BE54-9A1E7A4F7556}") = "SS.Logging.DataAccessing", "SS.Logging.DataAccess\SS.Logging.DataAccessing.csproj", "{44DA473F-561A-4507-B5B1-8D22D0C4D134}"
EndProject
Project("{9A19103F-16F7-4668-BE54-9A1E7A4F7556}") = "SS.Logging.ConsoleApp", "SS.Logging.ConsoleApp\SS.Logging.ConsoleApp.csproj", "{04353CC4-5921-4DBC-AF32-0A6011793983}"
EndProject
Project("{2150E333-8FDC-42A3-9474-1A3956D46DE8}") = "Logging", "Logging", "{09B762E7-6202-4204-97E4-B3F20D4CF2C8}"
EndProject
Global
	GlobalSection(SolutionConfigurationPlatforms) = preSolution
		Debug|Any CPU = Debug|Any CPU
		Release|Any CPU = Release|Any CPU
	EndGlobalSection
	GlobalSection(ProjectConfigurationPlatforms) = postSolution
		{526BE1D1-FDE6-4C82-B7E0-AEE4580B167B}.Debug|Any CPU.ActiveCfg = Debug|Any CPU
		{526BE1D1-FDE6-4C82-B7E0-AEE4580B167B}.Debug|Any CPU.Build.0 = Debug|Any CPU
		{526BE1D1-FDE6-4C82-B7E0-AEE4580B167B}.Release|Any CPU.ActiveCfg = Release|Any CPU
		{526BE1D1-FDE6-4C82-B7E0-AEE4580B167B}.Release|Any CPU.Build.0 = Release|Any CPU
		{44DA473F-561A-4507-B5B1-8D22D0C4D134}.Debug|Any CPU.ActiveCfg = Debug|Any CPU
		{44DA473F-561A-4507-B5B1-8D22D0C4D134}.Debug|Any CPU.Build.0 = Debug|Any CPU
		{44DA473F-561A-4507-B5B1-8D22D0C4D134}.Release|Any CPU.ActiveCfg = Release|Any CPU
		{44DA473F-561A-4507-B5B1-8D22D0C4D134}.Release|Any CPU.Build.0 = Release|Any CPU
		{04353CC4-5921-4DBC-AF32-0A6011793983}.Debug|Any CPU.ActiveCfg = Debug|Any CPU
		{04353CC4-5921-4DBC-AF32-0A6011793983}.Debug|Any CPU.Build.0 = Debug|Any CPU
		{04353CC4-5921-4DBC-AF32-0A6011793983}.Release|Any CPU.ActiveCfg = Release|Any CPU
		{04353CC4-5921-4DBC-AF32-0A6011793983}.Release|Any CPU.Build.0 = Release|Any CPU
	EndGlobalSection
	GlobalSection(SolutionProperties) = preSolution
		HideSolutionNode = FALSE
	EndGlobalSection
	GlobalSection(NestedProjects) = preSolution
		{526BE1D1-FDE6-4C82-B7E0-AEE4580B167B} = {09B762E7-6202-4204-97E4-B3F20D4CF2C8}
		{44DA473F-561A-4507-B5B1-8D22D0C4D134} = {09B762E7-6202-4204-97E4-B3F20D4CF2C8}
		{04353CC4-5921-4DBC-AF32-0A6011793983} = {09B762E7-6202-4204-97E4-B3F20D4CF2C8}
	EndGlobalSection
	GlobalSection(ExtensibilityGlobals) = postSolution
		SolutionGuid = {425BF8F7-11C7-498E-BD68-AA33F6FD794C}
	EndGlobalSection
EndGlobal
