
Microsoft Visual Studio Solution File, Format Version 12.00
# Visual Studio Version 17
VisualStudioVersion = 17.0.31903.59
MinimumVisualStudioVersion = 10.0.40219.1
Project("{FAE04EC0-301F-11D3-BF4B-00C04F79EFBC}") = "SS.Security", "SS.Security\SS.Security.csproj", "{C46FC726-4866-4CCD-99B7-9D43FEBCDFDC}"
EndProject
Project("{FAE04EC0-301F-11D3-BF4B-00C04F79EFBC}") = "SS.SecurityTest", "SS.SecurityTest\SS.SecurityTest.csproj", "{D42D6296-7DBD-44C0-B3C5-BF6A57889806}"
EndProject
Global
	GlobalSection(SolutionConfigurationPlatforms) = preSolution
		Debug|Any CPU = Debug|Any CPU
		Release|Any CPU = Release|Any CPU
	EndGlobalSection
	GlobalSection(SolutionProperties) = preSolution
		HideSolutionNode = FALSE
	EndGlobalSection
	GlobalSection(ProjectConfigurationPlatforms) = postSolution
		{C46FC726-4866-4CCD-99B7-9D43FEBCDFDC}.Debug|Any CPU.ActiveCfg = Debug|Any CPU
		{C46FC726-4866-4CCD-99B7-9D43FEBCDFDC}.Debug|Any CPU.Build.0 = Debug|Any CPU
		{C46FC726-4866-4CCD-99B7-9D43FEBCDFDC}.Release|Any CPU.ActiveCfg = Release|Any CPU
		{C46FC726-4866-4CCD-99B7-9D43FEBCDFDC}.Release|Any CPU.Build.0 = Release|Any CPU
		{D42D6296-7DBD-44C0-B3C5-BF6A57889806}.Debug|Any CPU.ActiveCfg = Debug|Any CPU
		{D42D6296-7DBD-44C0-B3C5-BF6A57889806}.Debug|Any CPU.Build.0 = Debug|Any CPU
		{D42D6296-7DBD-44C0-B3C5-BF6A57889806}.Release|Any CPU.ActiveCfg = Release|Any CPU
		{D42D6296-7DBD-44C0-B3C5-BF6A57889806}.Release|Any CPU.Build.0 = Release|Any CPU
	EndGlobalSection
EndGlobal
